{
  "version": 4,
  "terraform_version": "1.4.2",
  "serial": 3,
  "lineage": "179cf9d9-1078-3da3-48ec-f623e01c344c",
  "outputs": {},
  "resources": [
    {
      "mode": "managed",
      "type": "newrelic_service_level",
      "name": "my_servicelevel",
      "provider": "provider[\"registry.terraform.io/newrelic/newrelic\"]",
      "instances": [
        {
          "schema_version": 0,
          "attributes": {
            "description": "Proportion of requests that are served faster than a threshold.",
            "events": [
              {
                "account_id": 4043746,
                "bad_events": [
                  {
                    "from": "Transaction",
                    "select": [],
                    "where": "appName = 'Example application' AND (transactionType= 'Web') AND duration \u003c 0.1"
                  }
                ],
                "good_events": [],
                "valid_events": [
                  {
                    "from": "Transaction",
                    "select": [],
                    "where": "appName = 'Example application' AND (transactionType='Web')"
                  }
                ]
              }
            ],
            "guid": "NDA0Mzc0NnxCUk9XU0VSfEFQUExJQ0FUSU9OfDYwMTQyNDgxOQ",
            "id": "4043746:493861:NDA0Mzc0NnxCUk9XU0VSfEFQUExJQ0FUSU9OfDYwMTQyNDgxOQ",
            "name": "Latency_my_app",
            "objective": [
              {
                "description": "",
                "name": "",
                "target": 99,
                "time_window": [
                  {
                    "rolling": [
                      {
                        "count": 7,
                        "unit": "DAY"
                      }
                    ]
                  }
                ]
              }
            ],
            "sli_guid": "NDA0Mzc0NnxFWFR8U0VSVklDRV9MRVZFTHw0OTM4NjE",
            "sli_id": "493861"
          },
          "sensitive_attributes": [],
          "private": "bnVsbA=="
        }
      ]
    }
  ],
  "check_results": null
}
